// !$*UTF8*$!
{
	archiveVersion = 1;
	classes = {
	};
	objectVersion = 46;
	objects = {

/* Begin PBXBuildFile section */
		C05AB1751BB1DA6100E4F8B8 /* AppDelegate.swift in Sources */ = {isa = PBXBuildFile; fileRef = C05AB1741BB1DA6100E4F8B8 /* AppDelegate.swift */; };
		C05AB1771BB1DA6100E4F8B8 /* ViewController.swift in Sources */ = {isa = PBXBuildFile; fileRef = C05AB1761BB1DA6100E4F8B8 /* ViewController.swift */; };
		C05AB17A1BB1DA6100E4F8B8 /* Main.storyboard in Resources */ = {isa = PBXBuildFile; fileRef = C05AB1781BB1DA6100E4F8B8 /* Main.storyboard */; };
		C05AB17C1BB1DA6100E4F8B8 /* Images.xcassets in Resources */ = {isa = PBXBuildFile; fileRef = C05AB17B1BB1DA6100E4F8B8 /* Images.xcassets */; };
		C05AB17F1BB1DA6100E4F8B8 /* LaunchScreen.xib in Resources */ = {isa = PBXBuildFile; fileRef = C05AB17D1BB1DA6100E4F8B8 /* LaunchScreen.xib */; };
		C05AB18B1BB1DA6100E4F8B8 /* ColorPickerGameTests.swift in Sources */ = {isa = PBXBuildFile; fileRef = C05AB18A1BB1DA6100E4F8B8 /* ColorPickerGameTests.swift */; };
		C05AB1951BB1DA8700E4F8B8 /* ColorWheel.swift in Sources */ = {isa = PBXBuildFile; fileRef = C05AB1941BB1DA8700E4F8B8 /* ColorWheel.swift */; };
/* End PBXBuildFile section */

/* Begin PBXContainerItemProxy section */
		C05AB1851BB1DA6100E4F8B8 /* PBXContainerItemProxy */ = {
			isa = PBXContainerItemProxy;
			containerPortal = C05AB1671BB1DA6100E4F8B8 /* Project object */;
			proxyType = 1;
			remoteGlobalIDString = C05AB16E1BB1DA6100E4F8B8;
			remoteInfo = ColorPickerGame;
		};
/* End PBXContainerItemProxy section */

/* Begin PBXFileReference section */
		C05AB16F1BB1DA6100E4F8B8 /* ColorPickerGame.app */ = {isa = PBXFileReference; explicitFileType = wrapper.application; includeInIndex = 0; path = ColorPickerGame.app; sourceTree = BUILT_PRODUCTS_DIR; };
		C05AB1731BB1DA6100E4F8B8 /* Info.plist */ = {isa = PBXFileReference; lastKnownFileType = text.plist.xml; path = Info.plist; sourceTree = "<group>"; };
		C05AB1741BB1DA6100E4F8B8 /* AppDelegate.swift */ = {isa = PBXFileReference; lastKnownFileType = sourcecode.swift; path = AppDelegate.swift; sourceTree = "<group>"; };
		C05AB1761BB1DA6100E4F8B8 /* ViewController.swift */ = {isa = PBXFileReference; lastKnownFileType = sourcecode.swift; path = ViewController.swift; sourceTree = "<group>"; };
		C05AB1791BB1DA6100E4F8B8 /* Base */ = {isa = PBXFileReference; lastKnownFileType = file.storyboard; name = Base; path = Base.lproj/Main.storyboard; sourceTree = "<group>"; };
		C05AB17B1BB1DA6100E4F8B8 /* Images.xcassets */ = {isa = PBXFileReference; lastKnownFileType = folder.assetcatalog; path = Images.xcassets; sourceTree = "<group>"; };
		C05AB17E1BB1DA6100E4F8B8 /* Base */ = {isa = PBXFileReference; lastKnownFileType = file.xib; name = Base; path = Base.lproj/LaunchScreen.xib; sourceTree = "<group>"; };
		C05AB1841BB1DA6100E4F8B8 /* ColorPickerGameTests.xctest */ = {isa = PBXFileReference; explicitFileType = wrapper.cfbundle; includeInIndex = 0; path = ColorPickerGameTests.xctest; sourceTree = BUILT_PRODUCTS_DIR; };
		C05AB1891BB1DA6100E4F8B8 /* Info.plist */ = {isa = PBXFileReference; lastKnownFileType = text.plist.xml; path = Info.plist; sourceTree = "<group>"; };
		C05AB18A1BB1DA6100E4F8B8 /* ColorPickerGameTests.swift */ = {isa = PBXFileReference; lastKnownFileType = sourcecode.swift; path = ColorPickerGameTests.swift; sourceTree = "<group>"; };
		C05AB1941BB1DA8700E4F8B8 /* ColorWheel.swift */ = {isa = PBXFileReference; fileEncoding = 4; lastKnownFileType = sourcecode.swift; path = ColorWheel.swift; sourceTree = "<group>"; };
/* End PBXFileReference section */

/* Begin PBXFrameworksBuildPhase section */
		C05AB16C1BB1DA6100E4F8B8 /* Frameworks */ = {
			isa = PBXFrameworksBuildPhase;
			buildActionMask = 2147483647;
			files = (
			);
			runOnlyForDeploymentPostprocessing = 0;
		};
		C05AB1811BB1DA6100E4F8B8 /* Frameworks */ = {
			isa = PBXFrameworksBuildPhase;
			buildActionMask = 2147483647;
			files = (
			);
			runOnlyForDeploymentPostprocessing = 0;
		};
/* End PBXFrameworksBuildPhase section */

/* Begin PBXGroup section */
		C05AB1661BB1DA6100E4F8B8 = {
			isa = PBXGroup;
			children = (
				C05AB1711BB1DA6100E4F8B8 /* ColorPickerGame */,
				C05AB1871BB1DA6100E4F8B8 /* ColorPickerGameTests */,
				C05AB1701BB1DA6100E4F8B8 /* Products */,
			);
			sourceTree = "<group>";
		};
		C05AB1701BB1DA6100E4F8B8 /* Products */ = {
			isa = PBXGroup;
			children = (
				C05AB16F1BB1DA6100E4F8B8 /* ColorPickerGame.app */,
				C05AB1841BB1DA6100E4F8B8 /* ColorPickerGameTests.xctest */,
			);
			name = Products;
			sourceTree = "<group>";
		};
		C05AB1711BB1DA6100E4F8B8 /* ColorPickerGame */ = {
			isa = PBXGroup;
			children = (
				C05AB1741BB1DA6100E4F8B8 /* AppDelegate.swift */,
				C05AB1761BB1DA6100E4F8B8 /* ViewController.swift */,
				C05AB1781BB1DA6100E4F8B8 /* Main.storyboard */,
				C05AB17B1BB1DA6100E4F8B8 /* Images.xcassets */,
				C05AB17D1BB1DA6100E4F8B8 /* LaunchScreen.xib */,
				C05AB1721BB1DA6100E4F8B8 /* Supporting Files */,
				C05AB1941BB1DA8700E4F8B8 /* ColorWheel.swift */,
			);
			path = ColorPickerGame;
			sourceTree = "<group>";
		};
		C05AB1721BB1DA6100E4F8B8 /* Supporting Files */ = {
			isa = PBXGroup;
			children = (
				C05AB1731BB1DA6100E4F8B8 /* Info.plist */,
			);
			name = "Supporting Files";
			sourceTree = "<group>";
		};
		C05AB1871BB1DA6100E4F8B8 /* ColorPickerGameTests */ = {
			isa = PBXGroup;
			children = (
				C05AB18A1BB1DA6100E4F8B8 /* ColorPickerGameTests.swift */,
				C05AB1881BB1DA6100E4F8B8 /* Supporting Files */,
			);
			path = ColorPickerGameTests;
			sourceTree = "<group>";
		};
		C05AB1881BB1DA6100E4F8B8 /* Supporting Files */ = {
			isa = PBXGroup;
			children = (
				C05AB1891BB1DA6100E4F8B8 /* Info.plist */,
			);
			name = "Supporting Files";
			sourceTree = "<group>";
		};
/* End PBXGroup section */

/* Begin PBXNativeTarget section */
		C05AB16E1BB1DA6100E4F8B8 /* ColorPickerGame */ = {
			isa = PBXNativeTarget;
			buildConfigurationList = C05AB18E1BB1DA6100E4F8B8 /* Build configuration list for PBXNativeTarget "ColorPickerGame" */;
			buildPhases = (
				C05AB16B1BB1DA6100E4F8B8 /* Sources */,
				C05AB16C1BB1DA6100E4F8B8 /* Frameworks */,
				C05AB16D1BB1DA6100E4F8B8 /* Resources */,
			);
			buildRules = (
			);
			dependencies = (
			);
			name = ColorPickerGame;
			productName = ColorPickerGame;
			productReference = C05AB16F1BB1DA6100E4F8B8 /* ColorPickerGame.app */;
			productType = "com.apple.product-type.application";
		};
		C05AB1831BB1DA6100E4F8B8 /* ColorPickerGameTests */ = {
			isa = PBXNativeTarget;
			buildConfigurationList = C05AB1911BB1DA6100E4F8B8 /* Build configuration list for PBXNativeTarget "ColorPickerGameTests" */;
			buildPhases = (
				C05AB1801BB1DA6100E4F8B8 /* Sources */,
				C05AB1811BB1DA6100E4F8B8 /* Frameworks */,
				C05AB1821BB1DA6100E4F8B8 /* Resources */,
			);
			buildRules = (
			);
			dependencies = (
				C05AB1861BB1DA6100E4F8B8 /* PBXTargetDependency */,
			);
			name = ColorPickerGameTests;
			productName = ColorPickerGameTests;
			productReference = C05AB1841BB1DA6100E4F8B8 /* ColorPickerGameTests.xctest */;
			productType = "com.apple.product-type.bundle.unit-test";
		};
/* End PBXNativeTarget section */

/* Begin PBXProject section */
		C05AB1671BB1DA6100E4F8B8 /* Project object */ = {
			isa = PBXProject;
			attributes = {
				LastSwiftMigration = 0700;
				LastSwiftUpdateCheck = 0700;
				LastUpgradeCheck = 0700;
				ORGANIZATIONNAME = GrandCircus;
				TargetAttributes = {
					C05AB16E1BB1DA6100E4F8B8 = {
						CreatedOnToolsVersion = 6.4;
					};
					C05AB1831BB1DA6100E4F8B8 = {
						CreatedOnToolsVersion = 6.4;
						TestTargetID = C05AB16E1BB1DA6100E4F8B8;
					};
				};
			};
			buildConfigurationList = C05AB16A1BB1DA6100E4F8B8 /* Build configuration list for PBXProject "ColorPickerGame" */;
			compatibilityVersion = "Xcode 3.2";
			developmentRegion = English;
			hasScannedForEncodings = 0;
			knownRegions = (
				en,
				Base,
			);
			mainGroup = C05AB1661BB1DA6100E4F8B8;
			productRefGroup = C05AB1701BB1DA6100E4F8B8 /* Products */;
			projectDirPath = "";
			projectRoot = "";
			targets = (
				C05AB16E1BB1DA6100E4F8B8 /* ColorPickerGame */,
				C05AB1831BB1DA6100E4F8B8 /* ColorPickerGameTests */,
			);
		};
/* End PBXProject section */

/* Begin PBXResourcesBuildPhase section */
		C05AB16D1BB1DA6100E4F8B8 /* Resources */ = {
			isa = PBXResourcesBuildPhase;
			buildActionMask = 2147483647;
			files = (
				C05AB17A1BB1DA6100E4F8B8 /* Main.storyboard in Resources */,
				C05AB17F1BB1DA6100E4F8B8 /* LaunchScreen.xib in Resources */,
				C05AB17C1BB1DA6100E4F8B8 /* Images.xcassets in Resources */,
			);
			runOnlyForDeploymentPostprocessing = 0;
		};
		C05AB1821BB1DA6100E4F8B8 /* Resources */ = {
			isa = PBXResourcesBuildPhase;
			buildActionMask = 2147483647;
			files = (
			);
			runOnlyForDeploymentPostprocessing = 0;
		};
/* End PBXResourcesBuildPhase section */

/* Begin PBXSourcesBuildPhase section */
		C05AB16B1BB1DA6100E4F8B8 /* Sources */ = {
			isa = PBXSourcesBuildPhase;
			buildActionMask = 2147483647;
			files = (
				C05AB1771BB1DA6100E4F8B8 /* ViewController.swift in Sources */,
				C05AB1751BB1DA6100E4F8B8 /* AppDelegate.swift in Sources */,
				C05AB1951BB1DA8700E4F8B8 /* ColorWheel.swift in Sources */,
			);
			runOnlyForDeploymentPostprocessing = 0;
		};
		C05AB1801BB1DA6100E4F8B8 /* Sources */ = {
			isa = PBXSourcesBuildPhase;
			buildActionMask = 2147483647;
			files = (
				C05AB18B1BB1DA6100E4F8B8 /* ColorPickerGameTests.swift in Sources */,
			);
			runOnlyForDeploymentPostprocessing = 0;
		};
/* End PBXSourcesBuildPhase section */

/* Begin PBXTargetDependency section */
		C05AB1861BB1DA6100E4F8B8 /* PBXTargetDependency */ = {
			isa = PBXTargetDependency;
			target = C05AB16E1BB1DA6100E4F8B8 /* ColorPickerGame */;
			targetProxy = C05AB1851BB1DA6100E4F8B8 /* PBXContainerItemProxy */;
		};
/* End PBXTargetDependency section */

/* Begin PBXVariantGroup section */
		C05AB1781BB1DA6100E4F8B8 /* Main.storyboard */ = {
			isa = PBXVariantGroup;
			children = (
				C05AB1791BB1DA6100E4F8B8 /* Base */,
			);
			name = Main.storyboard;
			sourceTree = "<group>";
		};
		C05AB17D1BB1DA6100E4F8B8 /* LaunchScreen.xib */ = {
			isa = PBXVariantGroup;
			children = (
				C05AB17E1BB1DA6100E4F8B8 /* Base */,
			);
			name = LaunchScreen.xib;
			sourceTree = "<group>";
		};
/* End PBXVariantGroup section */

/* Begin XCBuildConfiguration section */
		C05AB18C1BB1DA6100E4F8B8 /* Debug */ = {
			isa = XCBuildConfiguration;
			buildSettings = {
				ALWAYS_SEARCH_USER_PATHS = NO;
				CLANG_CXX_LANGUAGE_STANDARD = "gnu++0x";
				CLANG_CXX_LIBRARY = "libc++";
				CLANG_ENABLE_MODULES = YES;
				CLANG_ENABLE_OBJC_ARC = YES;
				CLANG_WARN_BOOL_CONVERSION = YES;
				CLANG_WARN_CONSTANT_CONVERSION = YES;
				CLANG_WARN_DIRECT_OBJC_ISA_USAGE = YES_ERROR;
				CLANG_WARN_EMPTY_BODY = YES;
				CLANG_WARN_ENUM_CONVERSION = YES;
				CLANG_WARN_INT_CONVERSION = YES;
				CLANG_WARN_OBJC_ROOT_CLASS = YES_ERROR;
				CLANG_WARN_UNREACHABLE_CODE = YES;
				CLANG_WARN__DUPLICATE_METHOD_MATCH = YES;
				"CODE_SIGN_IDENTITY[sdk=iphoneos*]" = "iPhone Developer";
				COPY_PHASE_STRIP = NO;
				DEBUG_INFORMATION_FORMAT = "dwarf-with-dsym";
				ENABLE_STRICT_OBJC_MSGSEND = YES;
				ENABLE_TESTABILITY = YES;
				GCC_C_LANGUAGE_STANDARD = gnu99;
				GCC_DYNAMIC_NO_PIC = NO;
				GCC_NO_COMMON_BLOCKS = YES;
				GCC_OPTIMIZATION_LEVEL = 0;
				GCC_PREPROCESSOR_DEFINITIONS = (
					"DEBUG=1",
					"$(inherited)",
				);
				GCC_SYMBOLS_PRIVATE_EXTERN = NO;
				GCC_WARN_64_TO_32_BIT_CONVERSION = YES;
				GCC_WARN_ABOUT_RETURN_TYPE = YES_ERROR;
				GCC_WARN_UNDECLARED_SELECTOR = YES;
				GCC_WARN_UNINITIALIZED_AUTOS = YES_AGGRESSIVE;
				GCC_WARN_UNUSED_FUNCTION = YES;
				GCC_WARN_UNUSED_VARIABLE = YES;
				IPHONEOS_DEPLOYMENT_TARGET = 8.4;
				MTL_ENABLE_DEBUG_INFO = YES;
				ONLY_ACTIVE_ARCH = YES;
				SDKROOT = iphoneos;
				SWIFT_OPTIMIZATION_LEVEL = "-Onone";
				TARGETED_DEVICE_FAMILY = "1,2";
			};
			name = Debug;
		};
		C05AB18D1BB1DA6100E4F8B8 /* Release */ = {
			isa = XCBuildConfiguration;
			buildSettings = {
				ALWAYS_SEARCH_USER_PATHS = NO;
				CLANG_CXX_LANGUAGE_STANDARD = "gnu++0x";
				CLANG_CXX_LIBRARY = "libc++";
				CLANG_ENABLE_MODULES = YES;
				CLANG_ENABLE_OBJC_ARC = YES;
				CLANG_WARN_BOOL_CONVERSION = YES;
				CLANG_WARN_CONSTANT_CONVERSION = YES;
				CLANG_WARN_DIRECT_OBJC_ISA_USAGE = YES_ERROR;
				CLANG_WARN_EMPTY_BODY = YES;
				CLANG_WARN_ENUM_CONVERSION = YES;
				CLANG_WARN_INT_CONVERSION = YES;
				CLANG_WARN_OBJC_ROOT_CLASS = YES_ERROR;
				CLANG_WARN_UNREACHABLE_CODE = YES;
				CLANG_WARN__DUPLICATE_METHOD_MATCH = YES;
				"CODE_SIGN_IDENTITY[sdk=iphoneos*]" = "iPhone Developer";
				COPY_PHASE_STRIP = NO;
				DEBUG_INFORMATION_FORMAT = "dwarf-with-dsym";
				ENABLE_NS_ASSERTIONS = NO;
				ENABLE_STRICT_OBJC_MSGSEND = YES;
				GCC_C_LANGUAGE_STANDARD = gnu99;
				GCC_NO_COMMON_BLOCKS = YES;
				GCC_WARN_64_TO_32_BIT_CONVERSION = YES;
				GCC_WARN_ABOUT_RETURN_TYPE = YES_ERROR;
				GCC_WARN_UNDECLARED_SELECTOR = YES;
				GCC_WARN_UNINITIALIZED_AUTOS = YES_AGGRESSIVE;
				GCC_WARN_UNUSED_FUNCTION = YES;
				GCC_WARN_UNUSED_VARIABLE = YES;
				IPHONEOS_DEPLOYMENT_TARGET = 8.4;
				MTL_ENABLE_DEBUG_INFO = NO;
				SDKROOT = iphoneos;
				TARGETED_DEVICE_FAMILY = "1,2";
				VALIDATE_PRODUCT = YES;
			};
			name = Release;
		};
		C05AB18F1BB1DA6100E4F8B8 /* Debug */ = {
			isa = XCBuildConfiguration;
			buildSettings = {
				ASSETCATALOG_COMPILER_APPICON_NAME = AppIcon;
				INFOPLIST_FILE = ColorPickerGame/Info.plist;
				LD_RUNPATH_SEARCH_PATHS = "$(inherited) @executable_path/Frameworks";
				PRODUCT_BUNDLE_IDENTIFIER = "com.grandcircus.$(PRODUCT_NAME:rfc1034identifier)";
				PRODUCT_NAME = "$(TARGET_NAME)";
			};
			name = Debug;
		};
		C05AB1901BB1DA6100E4F8B8 /* Release */ = {
			isa = XCBuildConfiguration;
			buildSettings = {
				ASSETCATALOG_COMPILER_APPICON_NAME = AppIcon;
				INFOPLIST_FILE = ColorPickerGame/Info.plist;
				LD_RUNPATH_SEARCH_PATHS = "$(inherited) @executable_path/Frameworks";
				PRODUCT_BUNDLE_IDENTIFIER = "com.grandcircus.$(PRODUCT_NAME:rfc1034identifier)";
				PRODUCT_NAME = "$(TARGET_NAME)";
			};
			name = Release;
		};
		C05AB1921BB1DA6100E4F8B8 /* Debug */ = {
			isa = XCBuildConfiguration;
			buildSettings = {
				BUNDLE_LOADER = "$(TEST_HOST)";
				FRAMEWORK_SEARCH_PATHS = (
					"$(SDKROOT)/Developer/Library/Frameworks",
					"$(inherited)",
				);
				GCC_PREPROCESSOR_DEFINITIONS = (
					"DEBUG=1",
					"$(inherited)",
				);
				INFOPLIST_FILE = ColorPickerGameTests/Info.plist;
				LD_RUNPATH_SEARCH_PATHS = "$(inherited) @executable_path/Frameworks @loader_path/Frameworks";
				PRODUCT_BUNDLE_IDENTIFIER = "com.grandcircus.$(PRODUCT_NAME:rfc1034identifier)";
				PRODUCT_NAME = "$(TARGET_NAME)";
				TEST_HOST = "$(BUILT_PRODUCTS_DIR)/ColorPickerGame.app/ColorPickerGame";
			};
			name = Debug;
		};
		C05AB1931BB1DA6100E4F8B8 /* Release */ = {
			isa = XCBuildConfiguration;
			buildSettings = {
				BUNDLE_LOADER = "$(TEST_HOST)";
				FRAMEWORK_SEARCH_PATHS = (
					"$(SDKROOT)/Developer/Library/Frameworks",
					"$(inherited)",
				);
				INFOPLIST_FILE = ColorPickerGameTests/Info.plist;
				LD_RUNPATH_SEARCH_PATHS = "$(inherited) @executable_path/Frameworks @loader_path/Frameworks";
				PRODUCT_BUNDLE_IDENTIFIER = "com.grandcircus.$(PRODUCT_NAME:rfc1034identifier)";
				PRODUCT_NAME = "$(TARGET_NAME)";
				TEST_HOST = "$(BUILT_PRODUCTS_DIR)/ColorPickerGame.app/ColorPickerGame";
			};
			name = Release;
		};
/* End XCBuildConfiguration section */

/* Begin XCConfigurationList section */
		C05AB16A1BB1DA6100E4F8B8 /* Build configuration list for PBXProject "ColorPickerGame" */ = {
			isa = XCConfigurationList;
			buildConfigurations = (
				C05AB18C1BB1DA6100E4F8B8 /* Debug */,
				C05AB18D1BB1DA6100E4F8B8 /* Release */,
			);
			defaultConfigurationIsVisible = 0;
			defaultConfigurationName = Release;
		};
		C05AB18E1BB1DA6100E4F8B8 /* Build configuration list for PBXNativeTarget "ColorPickerGame" */ = {
			isa = XCConfigurationList;
			buildConfigurations = (
				C05AB18F1BB1DA6100E4F8B8 /* Debug */,
				C05AB1901BB1DA6100E4F8B8 /* Release */,
			);
			defaultConfigurationIsVisible = 0;
			defaultConfigurationName = Release;
		};
		C05AB1911BB1DA6100E4F8B8 /* Build configuration list for PBXNativeTarget "ColorPickerGameTests" */ = {
			isa = XCConfigurationList;
			buildConfigurations = (
				C05AB1921BB1DA6100E4F8B8 /* Debug */,
				C05AB1931BB1DA6100E4F8B8 /* Release */,
			);
			defaultConfigurationIsVisible = 0;
			defaultConfigurationName = Release;
		};
/* End XCConfigurationList section */
	};
	rootObject = C05AB1671BB1DA6100E4F8B8 /* Project object */;
}
